
Microsoft Visual Studio Solution File, Format Version 12.00
# Visual Studio Version 17
VisualStudioVersion = 17.13.35806.99 d17.13
MinimumVisualStudioVersion = 10.0.40219.1
Project("{FAE04EC0-301F-11D3-BF4B-00C04F79EFBC}") = "SWE5201BankingSystemHE20882", "SWE5201BankingSystemHE20882\SWE5201BankingSystemHE20882.csproj", "{2B060203-0131-4690-9FF0-38038438E0D0}"
EndProject
Global
	GlobalSection(SolutionConfigurationPlatforms) = preSolution
		Debug|Any CPU = Debug|Any CPU
		Release|Any CPU = Release|Any CPU
	EndGlobalSection
	GlobalSection(ProjectConfigurationPlatforms) = postSolution
		{2B060203-0131-4690-9FF0-38038438E0D0}.Debug|Any CPU.ActiveCfg = Debug|Any CPU
		{2B060203-0131-4690-9FF0-38038438E0D0}.Debug|Any CPU.Build.0 = Debug|Any CPU
		{2B060203-0131-4690-9FF0-38038438E0D0}.Release|Any CPU.ActiveCfg = Release|Any CPU
		{2B060203-0131-4690-9FF0-38038438E0D0}.Release|Any CPU.Build.0 = Release|Any CPU
	EndGlobalSection
	GlobalSection(SolutionProperties) = preSolution
		HideSolutionNode = FALSE
	EndGlobalSection
	GlobalSection(ExtensibilityGlobals) = postSolution
		SolutionGuid = {A2B284AF-F552-4E69-BDD9-6EF509DC8BDD}
	EndGlobalSection
EndGlobal
